
Microsoft Visual Studio Solution File, Format Version 12.00
Project("{FAE04EC0-301F-11D3-BF4B-00C04F79EFBC}") = "Task1", "Task1\Task1.csproj", "{638FB9E3-FF9A-486B-8AD5-087880BB653D}"
EndProject
Project("{FAE04EC0-301F-11D3-BF4B-00C04F79EFBC}") = "Task2", "Task2\Task2.csproj", "{6903BDCB-5F12-4029-9452-34D0EF8EE0E2}"
EndProject
Project("{FAE04EC0-301F-11D3-BF4B-00C04F79EFBC}") = "Task3", "Task3\Task3.csproj", "{33C51494-8BF4-4BB9-9F08-DA64E020751B}"
EndProject
Project("{FAE04EC0-301F-11D3-BF4B-00C04F79EFBC}") = "Task9", "Task9\Task9.csproj", "{F80D1F96-153E-4AD5-8863-8B52BF3CFCF1}"
EndProject
Project("{FAE04EC0-301F-11D3-BF4B-00C04F79EFBC}") = "Task4", "Task4\Task4.csproj", "{A12D92F5-C440-46A4-B6D9-030B725A2D2F}"
EndProject
Project("{FAE04EC0-301F-11D3-BF4B-00C04F79EFBC}") = "Task6", "Task6\Task6.csproj", "{75FE944A-2893-439C-8DFA-036CBE8E9D23}"
EndProject
Project("{FAE04EC0-301F-11D3-BF4B-00C04F79EFBC}") = "Task7", "Task7\Task7.csproj", "{E3567D69-252C-4086-A7E7-23A2194C3F2D}"
EndProject
Global
	GlobalSection(SolutionConfigurationPlatforms) = preSolution
		Debug|Any CPU = Debug|Any CPU
		Release|Any CPU = Release|Any CPU
	EndGlobalSection
	GlobalSection(ProjectConfigurationPlatforms) = postSolution
		{638FB9E3-FF9A-486B-8AD5-087880BB653D}.Debug|Any CPU.ActiveCfg = Debug|Any CPU
		{638FB9E3-FF9A-486B-8AD5-087880BB653D}.Debug|Any CPU.Build.0 = Debug|Any CPU
		{638FB9E3-FF9A-486B-8AD5-087880BB653D}.Release|Any CPU.ActiveCfg = Release|Any CPU
		{638FB9E3-FF9A-486B-8AD5-087880BB653D}.Release|Any CPU.Build.0 = Release|Any CPU
		{6903BDCB-5F12-4029-9452-34D0EF8EE0E2}.Debug|Any CPU.ActiveCfg = Debug|Any CPU
		{6903BDCB-5F12-4029-9452-34D0EF8EE0E2}.Debug|Any CPU.Build.0 = Debug|Any CPU
		{6903BDCB-5F12-4029-9452-34D0EF8EE0E2}.Release|Any CPU.ActiveCfg = Release|Any CPU
		{6903BDCB-5F12-4029-9452-34D0EF8EE0E2}.Release|Any CPU.Build.0 = Release|Any CPU
		{33C51494-8BF4-4BB9-9F08-DA64E020751B}.Debug|Any CPU.ActiveCfg = Debug|Any CPU
		{33C51494-8BF4-4BB9-9F08-DA64E020751B}.Debug|Any CPU.Build.0 = Debug|Any CPU
		{33C51494-8BF4-4BB9-9F08-DA64E020751B}.Release|Any CPU.ActiveCfg = Release|Any CPU
		{33C51494-8BF4-4BB9-9F08-DA64E020751B}.Release|Any CPU.Build.0 = Release|Any CPU
		{F80D1F96-153E-4AD5-8863-8B52BF3CFCF1}.Debug|Any CPU.ActiveCfg = Debug|Any CPU
		{F80D1F96-153E-4AD5-8863-8B52BF3CFCF1}.Debug|Any CPU.Build.0 = Debug|Any CPU
		{F80D1F96-153E-4AD5-8863-8B52BF3CFCF1}.Release|Any CPU.ActiveCfg = Release|Any CPU
		{F80D1F96-153E-4AD5-8863-8B52BF3CFCF1}.Release|Any CPU.Build.0 = Release|Any CPU
		{A12D92F5-C440-46A4-B6D9-030B725A2D2F}.Debug|Any CPU.ActiveCfg = Debug|Any CPU
		{A12D92F5-C440-46A4-B6D9-030B725A2D2F}.Debug|Any CPU.Build.0 = Debug|Any CPU
		{A12D92F5-C440-46A4-B6D9-030B725A2D2F}.Release|Any CPU.ActiveCfg = Release|Any CPU
		{A12D92F5-C440-46A4-B6D9-030B725A2D2F}.Release|Any CPU.Build.0 = Release|Any CPU
		{75FE944A-2893-439C-8DFA-036CBE8E9D23}.Debug|Any CPU.ActiveCfg = Debug|Any CPU
		{75FE944A-2893-439C-8DFA-036CBE8E9D23}.Debug|Any CPU.Build.0 = Debug|Any CPU
		{75FE944A-2893-439C-8DFA-036CBE8E9D23}.Release|Any CPU.ActiveCfg = Release|Any CPU
		{75FE944A-2893-439C-8DFA-036CBE8E9D23}.Release|Any CPU.Build.0 = Release|Any CPU
		{E3567D69-252C-4086-A7E7-23A2194C3F2D}.Debug|Any CPU.ActiveCfg = Debug|Any CPU
		{E3567D69-252C-4086-A7E7-23A2194C3F2D}.Debug|Any CPU.Build.0 = Debug|Any CPU
		{E3567D69-252C-4086-A7E7-23A2194C3F2D}.Release|Any CPU.ActiveCfg = Release|Any CPU
		{E3567D69-252C-4086-A7E7-23A2194C3F2D}.Release|Any CPU.Build.0 = Release|Any CPU
	EndGlobalSection
EndGlobal
